// !$*UTF8*$!
{
	archiveVersion = 1;
	classes = {
	};
	objectVersion = 56;
	objects = {

/* Begin PBXBuildFile section */
		07D9AD73296B0452004CA311 /* AppDelegate.swift in Sources */ = {isa = PBXBuildFile; fileRef = 07D9AD72296B0452004CA311 /* AppDelegate.swift */; };
		07D9AD75296B0452004CA311 /* SceneDelegate.swift in Sources */ = {isa = PBXBuildFile; fileRef = 07D9AD74296B0452004CA311 /* SceneDelegate.swift */; };
		07D9AD7A296B0452004CA311 /* Main.storyboard in Resources */ = {isa = PBXBuildFile; fileRef = 07D9AD78296B0452004CA311 /* Main.storyboard */; };
		07D9AD7C296B0453004CA311 /* Assets.xcassets in Resources */ = {isa = PBXBuildFile; fileRef = 07D9AD7B296B0453004CA311 /* Assets.xcassets */; };
		07D9AD7F296B0453004CA311 /* LaunchScreen.storyboard in Resources */ = {isa = PBXBuildFile; fileRef = 07D9AD7D296B0453004CA311 /* LaunchScreen.storyboard */; };
		07D9AD8F296B0530004CA311 /* ProductModel.swift in Sources */ = {isa = PBXBuildFile; fileRef = 07D9AD8E296B0530004CA311 /* ProductModel.swift */; };
		07D9AD92296B0CF4004CA311 /* APIService.swift in Sources */ = {isa = PBXBuildFile; fileRef = 07D9AD91296B0CF4004CA311 /* APIService.swift */; };
		07D9AD95296B0DD7004CA311 /* constant.swift in Sources */ = {isa = PBXBuildFile; fileRef = 07D9AD94296B0DD7004CA311 /* constant.swift */; };
		07D9AD97296B22E0004CA311 /* ProductController.swift in Sources */ = {isa = PBXBuildFile; fileRef = 07D9AD96296B22E0004CA311 /* ProductController.swift */; };
/* End PBXBuildFile section */

/* Begin PBXFileReference section */
		07D9AD6F296B0452004CA311 /* mvvm.app */ = {isa = PBXFileReference; explicitFileType = wrapper.application; includeInIndex = 0; path = mvvm.app; sourceTree = BUILT_PRODUCTS_DIR; };
		07D9AD72296B0452004CA311 /* AppDelegate.swift */ = {isa = PBXFileReference; lastKnownFileType = sourcecode.swift; path = AppDelegate.swift; sourceTree = "<group>"; };
		07D9AD74296B0452004CA311 /* SceneDelegate.swift */ = {isa = PBXFileReference; lastKnownFileType = sourcecode.swift; path = SceneDelegate.swift; sourceTree = "<group>"; };
		07D9AD79296B0452004CA311 /* Base */ = {isa = PBXFileReference; lastKnownFileType = file.storyboard; name = Base; path = Base.lproj/Main.storyboard; sourceTree = "<group>"; };
		07D9AD7B296B0453004CA311 /* Assets.xcassets */ = {isa = PBXFileReference; lastKnownFileType = folder.assetcatalog; path = Assets.xcassets; sourceTree = "<group>"; };
		07D9AD7E296B0453004CA311 /* Base */ = {isa = PBXFileReference; lastKnownFileType = file.storyboard; name = Base; path = Base.lproj/LaunchScreen.storyboard; sourceTree = "<group>"; };
		07D9AD80296B0453004CA311 /* Info.plist */ = {isa = PBXFileReference; lastKnownFileType = text.plist.xml; path = Info.plist; sourceTree = "<group>"; };
		07D9AD8E296B0530004CA311 /* ProductModel.swift */ = {isa = PBXFileReference; lastKnownFileType = sourcecode.swift; path = ProductModel.swift; sourceTree = "<group>"; };
		07D9AD91296B0CF4004CA311 /* APIService.swift */ = {isa = PBXFileReference; lastKnownFileType = sourcecode.swift; path = APIService.swift; sourceTree = "<group>"; };
		07D9AD94296B0DD7004CA311 /* constant.swift */ = {isa = PBXFileReference; lastKnownFileType = sourcecode.swift; path = constant.swift; sourceTree = "<group>"; };
		07D9AD96296B22E0004CA311 /* ProductController.swift */ = {isa = PBXFileReference; lastKnownFileType = sourcecode.swift; path = ProductController.swift; sourceTree = "<group>"; };
/* End PBXFileReference section */

/* Begin PBXFrameworksBuildPhase section */
		07D9AD6C296B0452004CA311 /* Frameworks */ = {
			isa = PBXFrameworksBuildPhase;
			buildActionMask = 2147483647;
			files = (
			);
			runOnlyForDeploymentPostprocessing = 0;
		};
/* End PBXFrameworksBuildPhase section */

/* Begin PBXGroup section */
		07D9AD66296B0451004CA311 = {
			isa = PBXGroup;
			children = (
				07D9AD71296B0452004CA311 /* mvvm */,
				07D9AD70296B0452004CA311 /* Products */,
			);
			sourceTree = "<group>";
		};
		07D9AD70296B0452004CA311 /* Products */ = {
			isa = PBXGroup;
			children = (
				07D9AD6F296B0452004CA311 /* mvvm.app */,
			);
			name = Products;
			sourceTree = "<group>";
		};
		07D9AD71296B0452004CA311 /* mvvm */ = {
			isa = PBXGroup;
			children = (
				07D9AD93296B0DC2004CA311 /* constant */,
				07D9AD90296B0CDE004CA311 /* helper */,
				07D9AD89296B04C9004CA311 /* screens */,
				07D9AD88296B04AD004CA311 /* application */,
				07D9AD87296B0497004CA311 /* storyboard */,
				07D9AD86296B0468004CA311 /* resources */,
				07D9AD80296B0453004CA311 /* Info.plist */,
			);
			path = mvvm;
			sourceTree = "<group>";
		};
		07D9AD86296B0468004CA311 /* resources */ = {
			isa = PBXGroup;
			children = (
				07D9AD7B296B0453004CA311 /* Assets.xcassets */,
			);
			path = resources;
			sourceTree = "<group>";
		};
		07D9AD87296B0497004CA311 /* storyboard */ = {
			isa = PBXGroup;
			children = (
				07D9AD78296B0452004CA311 /* Main.storyboard */,
				07D9AD7D296B0453004CA311 /* LaunchScreen.storyboard */,
			);
			path = storyboard;
			sourceTree = "<group>";
		};
		07D9AD88296B04AD004CA311 /* application */ = {
			isa = PBXGroup;
			children = (
				07D9AD72296B0452004CA311 /* AppDelegate.swift */,
				07D9AD74296B0452004CA311 /* SceneDelegate.swift */,
			);
			path = application;
			sourceTree = "<group>";
		};
		07D9AD89296B04C9004CA311 /* screens */ = {
			isa = PBXGroup;
			children = (
				07D9AD8A296B04E2004CA311 /* product */,
			);
			path = screens;
			sourceTree = "<group>";
		};
		07D9AD8A296B04E2004CA311 /* product */ = {
			isa = PBXGroup;
			children = (
				07D9AD8D296B0503004CA311 /* viewmodel */,
				07D9AD8C296B04FE004CA311 /* view */,
				07D9AD8B296B04EF004CA311 /* model */,
			);
			path = product;
			sourceTree = "<group>";
		};
		07D9AD8B296B04EF004CA311 /* model */ = {
			isa = PBXGroup;
			children = (
				07D9AD8E296B0530004CA311 /* ProductModel.swift */,
			);
			path = model;
			sourceTree = "<group>";
		};
		07D9AD8C296B04FE004CA311 /* view */ = {
			isa = PBXGroup;
			children = (
			);
			path = view;
			sourceTree = "<group>";
		};
		07D9AD8D296B0503004CA311 /* viewmodel */ = {
			isa = PBXGroup;
			children = (
				07D9AD96296B22E0004CA311 /* ProductController.swift */,
			);
			path = viewmodel;
			sourceTree = "<group>";
		};
		07D9AD90296B0CDE004CA311 /* helper */ = {
			isa = PBXGroup;
			children = (
				07D9AD91296B0CF4004CA311 /* APIService.swift */,
			);
			path = helper;
			sourceTree = "<group>";
		};
		07D9AD93296B0DC2004CA311 /* constant */ = {
			isa = PBXGroup;
			children = (
				07D9AD94296B0DD7004CA311 /* constant.swift */,
			);
			path = constant;
			sourceTree = "<group>";
		};
/* End PBXGroup section */

/* Begin PBXNativeTarget section */
		07D9AD6E296B0452004CA311 /* mvvm */ = {
			isa = PBXNativeTarget;
			buildConfigurationList = 07D9AD83296B0453004CA311 /* Build configuration list for PBXNativeTarget "mvvm" */;
			buildPhases = (
				07D9AD6B296B0452004CA311 /* Sources */,
				07D9AD6C296B0452004CA311 /* Frameworks */,
				07D9AD6D296B0452004CA311 /* Resources */,
			);
			buildRules = (
			);
			dependencies = (
			);
			name = mvvm;
			productName = mvvm;
			productReference = 07D9AD6F296B0452004CA311 /* mvvm.app */;
			productType = "com.apple.product-type.application";
		};
/* End PBXNativeTarget section */

/* Begin PBXProject section */
		07D9AD67296B0451004CA311 /* Project object */ = {
			isa = PBXProject;
			attributes = {
				BuildIndependentTargetsInParallel = 1;
				LastSwiftUpdateCheck = 1410;
				LastUpgradeCheck = 1410;
				TargetAttributes = {
					07D9AD6E296B0452004CA311 = {
						CreatedOnToolsVersion = 14.1;
					};
				};
			};
			buildConfigurationList = 07D9AD6A296B0451004CA311 /* Build configuration list for PBXProject "mvvm" */;
			compatibilityVersion = "Xcode 14.0";
			developmentRegion = en;
			hasScannedForEncodings = 0;
			knownRegions = (
				en,
				Base,
			);
			mainGroup = 07D9AD66296B0451004CA311;
			productRefGroup = 07D9AD70296B0452004CA311 /* Products */;
			projectDirPath = "";
			projectRoot = "";
			targets = (
				07D9AD6E296B0452004CA311 /* mvvm */,
			);
		};
/* End PBXProject section */

/* Begin PBXResourcesBuildPhase section */
		07D9AD6D296B0452004CA311 /* Resources */ = {
			isa = PBXResourcesBuildPhase;
			buildActionMask = 2147483647;
			files = (
				07D9AD7F296B0453004CA311 /* LaunchScreen.storyboard in Resources */,
				07D9AD7C296B0453004CA311 /* Assets.xcassets in Resources */,
				07D9AD7A296B0452004CA311 /* Main.storyboard in Resources */,
			);
			runOnlyForDeploymentPostprocessing = 0;
		};
/* End PBXResourcesBuildPhase section */

/* Begin PBXSourcesBuildPhase section */
		07D9AD6B296B0452004CA311 /* Sources */ = {
			isa = PBXSourcesBuildPhase;
			buildActionMask = 2147483647;
			files = (
				07D9AD73296B0452004CA311 /* AppDelegate.swift in Sources */,
				07D9AD97296B22E0004CA311 /* ProductController.swift in Sources */,
				07D9AD8F296B0530004CA311 /* ProductModel.swift in Sources */,
				07D9AD95296B0DD7004CA311 /* constant.swift in Sources */,
				07D9AD92296B0CF4004CA311 /* APIService.swift in Sources */,
				07D9AD75296B0452004CA311 /* SceneDelegate.swift in Sources */,
			);
			runOnlyForDeploymentPostprocessing = 0;
		};
/* End PBXSourcesBuildPhase section */

/* Begin PBXVariantGroup section */
		07D9AD78296B0452004CA311 /* Main.storyboard */ = {
			isa = PBXVariantGroup;
			children = (
				07D9AD79296B0452004CA311 /* Base */,
			);
			name = Main.storyboard;
			sourceTree = "<group>";
		};
		07D9AD7D296B0453004CA311 /* LaunchScreen.storyboard */ = {
			isa = PBXVariantGroup;
			children = (
				07D9AD7E296B0453004CA311 /* Base */,
			);
			name = LaunchScreen.storyboard;
			sourceTree = "<group>";
		};
/* End PBXVariantGroup section */

/* Begin XCBuildConfiguration section */
		07D9AD81296B0453004CA311 /* Debug */ = {
			isa = XCBuildConfiguration;
			buildSettings = {
				ALWAYS_SEARCH_USER_PATHS = NO;
				CLANG_ANALYZER_NONNULL = YES;
				CLANG_ANALYZER_NUMBER_OBJECT_CONVERSION = YES_AGGRESSIVE;
				CLANG_CXX_LANGUAGE_STANDARD = "gnu++20";
				CLANG_ENABLE_MODULES = YES;
				CLANG_ENABLE_OBJC_ARC = YES;
				CLANG_ENABLE_OBJC_WEAK = YES;
				CLANG_WARN_BLOCK_CAPTURE_AUTORELEASING = YES;
				CLANG_WARN_BOOL_CONVERSION = YES;
				CLANG_WARN_COMMA = YES;
				CLANG_WARN_CONSTANT_CONVERSION = YES;
				CLANG_WARN_DEPRECATED_OBJC_IMPLEMENTATIONS = YES;
				CLANG_WARN_DIRECT_OBJC_ISA_USAGE = YES_ERROR;
				CLANG_WARN_DOCUMENTATION_COMMENTS = YES;
				CLANG_WARN_EMPTY_BODY = YES;
				CLANG_WARN_ENUM_CONVERSION = YES;
				CLANG_WARN_INFINITE_RECURSION = YES;
				CLANG_WARN_INT_CONVERSION = YES;
				CLANG_WARN_NON_LITERAL_NULL_CONVERSION = YES;
				CLANG_WARN_OBJC_IMPLICIT_RETAIN_SELF = YES;
				CLANG_WARN_OBJC_LITERAL_CONVERSION = YES;
				CLANG_WARN_OBJC_ROOT_CLASS = YES_ERROR;
				CLANG_WARN_QUOTED_INCLUDE_IN_FRAMEWORK_HEADER = YES;
				CLANG_WARN_RANGE_LOOP_ANALYSIS = YES;
				CLANG_WARN_STRICT_PROTOTYPES = YES;
				CLANG_WARN_SUSPICIOUS_MOVE = YES;
				CLANG_WARN_UNGUARDED_AVAILABILITY = YES_AGGRESSIVE;
				CLANG_WARN_UNREACHABLE_CODE = YES;
				CLANG_WARN__DUPLICATE_METHOD_MATCH = YES;
				COPY_PHASE_STRIP = NO;
				DEBUG_INFORMATION_FORMAT = dwarf;
				ENABLE_STRICT_OBJC_MSGSEND = YES;
				ENABLE_TESTABILITY = YES;
				GCC_C_LANGUAGE_STANDARD = gnu11;
				GCC_DYNAMIC_NO_PIC = NO;
				GCC_NO_COMMON_BLOCKS = YES;
				GCC_OPTIMIZATION_LEVEL = 0;
				GCC_PREPROCESSOR_DEFINITIONS = (
					"DEBUG=1",
					"$(inherited)",
				);
				GCC_WARN_64_TO_32_BIT_CONVERSION = YES;
				GCC_WARN_ABOUT_RETURN_TYPE = YES_ERROR;
				GCC_WARN_UNDECLARED_SELECTOR = YES;
				GCC_WARN_UNINITIALIZED_AUTOS = YES_AGGRESSIVE;
				GCC_WARN_UNUSED_FUNCTION = YES;
				GCC_WARN_UNUSED_VARIABLE = YES;
				IPHONEOS_DEPLOYMENT_TARGET = 16.1;
				MTL_ENABLE_DEBUG_INFO = INCLUDE_SOURCE;
				MTL_FAST_MATH = YES;
				ONLY_ACTIVE_ARCH = YES;
				SDKROOT = iphoneos;
				SWIFT_ACTIVE_COMPILATION_CONDITIONS = DEBUG;
				SWIFT_OPTIMIZATION_LEVEL = "-Onone";
			};
			name = Debug;
		};
		07D9AD82296B0453004CA311 /* Release */ = {
			isa = XCBuildConfiguration;
			buildSettings = {
				ALWAYS_SEARCH_USER_PATHS = NO;
				CLANG_ANALYZER_NONNULL = YES;
				CLANG_ANALYZER_NUMBER_OBJECT_CONVERSION = YES_AGGRESSIVE;
				CLANG_CXX_LANGUAGE_STANDARD = "gnu++20";
				CLANG_ENABLE_MODULES = YES;
				CLANG_ENABLE_OBJC_ARC = YES;
				CLANG_ENABLE_OBJC_WEAK = YES;
				CLANG_WARN_BLOCK_CAPTURE_AUTORELEASING = YES;
				CLANG_WARN_BOOL_CONVERSION = YES;
				CLANG_WARN_COMMA = YES;
				CLANG_WARN_CONSTANT_CONVERSION = YES;
				CLANG_WARN_DEPRECATED_OBJC_IMPLEMENTATIONS = YES;
				CLANG_WARN_DIRECT_OBJC_ISA_USAGE = YES_ERROR;
				CLANG_WARN_DOCUMENTATION_COMMENTS = YES;
				CLANG_WARN_EMPTY_BODY = YES;
				CLANG_WARN_ENUM_CONVERSION = YES;
				CLANG_WARN_INFINITE_RECURSION = YES;
				CLANG_WARN_INT_CONVERSION = YES;
				CLANG_WARN_NON_LITERAL_NULL_CONVERSION = YES;
				CLANG_WARN_OBJC_IMPLICIT_RETAIN_SELF = YES;
				CLANG_WARN_OBJC_LITERAL_CONVERSION = YES;
				CLANG_WARN_OBJC_ROOT_CLASS = YES_ERROR;
				CLANG_WARN_QUOTED_INCLUDE_IN_FRAMEWORK_HEADER = YES;
				CLANG_WARN_RANGE_LOOP_ANALYSIS = YES;
				CLANG_WARN_STRICT_PROTOTYPES = YES;
				CLANG_WARN_SUSPICIOUS_MOVE = YES;
				CLANG_WARN_UNGUARDED_AVAILABILITY = YES_AGGRESSIVE;
				CLANG_WARN_UNREACHABLE_CODE = YES;
				CLANG_WARN__DUPLICATE_METHOD_MATCH = YES;
				COPY_PHASE_STRIP = NO;
				DEBUG_INFORMATION_FORMAT = "dwarf-with-dsym";
				ENABLE_NS_ASSERTIONS = NO;
				ENABLE_STRICT_OBJC_MSGSEND = YES;
				GCC_C_LANGUAGE_STANDARD = gnu11;
				GCC_NO_COMMON_BLOCKS = YES;
				GCC_WARN_64_TO_32_BIT_CONVERSION = YES;
				GCC_WARN_ABOUT_RETURN_TYPE = YES_ERROR;
				GCC_WARN_UNDECLARED_SELECTOR = YES;
				GCC_WARN_UNINITIALIZED_AUTOS = YES_AGGRESSIVE;
				GCC_WARN_UNUSED_FUNCTION = YES;
				GCC_WARN_UNUSED_VARIABLE = YES;
				IPHONEOS_DEPLOYMENT_TARGET = 16.1;
				MTL_ENABLE_DEBUG_INFO = NO;
				MTL_FAST_MATH = YES;
				SDKROOT = iphoneos;
				SWIFT_COMPILATION_MODE = wholemodule;
				SWIFT_OPTIMIZATION_LEVEL = "-O";
				VALIDATE_PRODUCT = YES;
			};
			name = Release;
		};
		07D9AD84296B0453004CA311 /* Debug */ = {
			isa = XCBuildConfiguration;
			buildSettings = {
				ASSETCATALOG_COMPILER_APPICON_NAME = AppIcon;
				ASSETCATALOG_COMPILER_GLOBAL_ACCENT_COLOR_NAME = AccentColor;
				CODE_SIGN_STYLE = Automatic;
				CURRENT_PROJECT_VERSION = 1;
				DEVELOPMENT_TEAM = JPL95P9M3W;
				GENERATE_INFOPLIST_FILE = YES;
				INFOPLIST_FILE = mvvm/Info.plist;
				INFOPLIST_KEY_UIApplicationSupportsIndirectInputEvents = YES;
				INFOPLIST_KEY_UILaunchStoryboardName = LaunchScreen;
				INFOPLIST_KEY_UIMainStoryboardFile = Main;
				INFOPLIST_KEY_UISupportedInterfaceOrientations_iPad = "UIInterfaceOrientationPortrait UIInterfaceOrientationPortraitUpsideDown UIInterfaceOrientationLandscapeLeft UIInterfaceOrientationLandscapeRight";
				INFOPLIST_KEY_UISupportedInterfaceOrientations_iPhone = "UIInterfaceOrientationPortrait UIInterfaceOrientationLandscapeLeft UIInterfaceOrientationLandscapeRight";
				LD_RUNPATH_SEARCH_PATHS = (
					"$(inherited)",
					"@executable_path/Frameworks",
				);
				MARKETING_VERSION = 1.0;
				PRODUCT_BUNDLE_IDENTIFIER = "test-project.mvvm";
				PRODUCT_NAME = "$(TARGET_NAME)";
				SWIFT_EMIT_LOC_STRINGS = YES;
				SWIFT_VERSION = 5.0;
				TARGETED_DEVICE_FAMILY = "1,2";
			};
			name = Debug;
		};
		07D9AD85296B0453004CA311 /* Release */ = {
			isa = XCBuildConfiguration;
			buildSettings = {
				ASSETCATALOG_COMPILER_APPICON_NAME = AppIcon;
				ASSETCATALOG_COMPILER_GLOBAL_ACCENT_COLOR_NAME = AccentColor;
				CODE_SIGN_STYLE = Automatic;
				CURRENT_PROJECT_VERSION = 1;
				DEVELOPMENT_TEAM = JPL95P9M3W;
				GENERATE_INFOPLIST_FILE = YES;
				INFOPLIST_FILE = mvvm/Info.plist;
				INFOPLIST_KEY_UIApplicationSupportsIndirectInputEvents = YES;
				INFOPLIST_KEY_UILaunchStoryboardName = LaunchScreen;
				INFOPLIST_KEY_UIMainStoryboardFile = Main;
				INFOPLIST_KEY_UISupportedInterfaceOrientations_iPad = "UIInterfaceOrientationPortrait UIInterfaceOrientationPortraitUpsideDown UIInterfaceOrientationLandscapeLeft UIInterfaceOrientationLandscapeRight";
				INFOPLIST_KEY_UISupportedInterfaceOrientations_iPhone = "UIInterfaceOrientationPortrait UIInterfaceOrientationLandscapeLeft UIInterfaceOrientationLandscapeRight";
				LD_RUNPATH_SEARCH_PATHS = (
					"$(inherited)",
					"@executable_path/Frameworks",
				);
				MARKETING_VERSION = 1.0;
				PRODUCT_BUNDLE_IDENTIFIER = "test-project.mvvm";
				PRODUCT_NAME = "$(TARGET_NAME)";
				SWIFT_EMIT_LOC_STRINGS = YES;
				SWIFT_VERSION = 5.0;
				TARGETED_DEVICE_FAMILY = "1,2";
			};
			name = Release;
		};
/* End XCBuildConfiguration section */

/* Begin XCConfigurationList section */
		07D9AD6A296B0451004CA311 /* Build configuration list for PBXProject "mvvm" */ = {
			isa = XCConfigurationList;
			buildConfigurations = (
				07D9AD81296B0453004CA311 /* Debug */,
				07D9AD82296B0453004CA311 /* Release */,
			);
			defaultConfigurationIsVisible = 0;
			defaultConfigurationName = Release;
		};
		07D9AD83296B0453004CA311 /* Build configuration list for PBXNativeTarget "mvvm" */ = {
			isa = XCConfigurationList;
			buildConfigurations = (
				07D9AD84296B0453004CA311 /* Debug */,
				07D9AD85296B0453004CA311 /* Release */,
			);
			defaultConfigurationIsVisible = 0;
			defaultConfigurationName = Release;
		};
/* End XCConfigurationList section */
	};
	rootObject = 07D9AD67296B0451004CA311 /* Project object */;
}
